{
  "name": "wave-function-collapse",
  "version": "1.0.0",
  "lockfileVersion": 2,
  "requires": true,
  "packages": {
    "": {
      "name": "wave-function-collapse",
      "version": "1.0.0",
      "license": "ISC",
      "dependencies": {
        "wavefunctioncollapse": "^2.1.0"
      }
    },
    "node_modules/wavefunctioncollapse": {
      "version": "2.1.0",
      "resolved": "https://registry.npmjs.org/wavefunctioncollapse/-/wavefunctioncollapse-2.1.0.tgz",
      "integrity": "sha512-GclizlVcMKyS2POsjrKb8sHy//NXJj3EI7957Wa+f97DtiNOsj773CzftCo59Hylvb/RBefrqtv4k0pOFfS71g=="
    }
  },
  "dependencies": {
    "wavefunctioncollapse": {
      "version": "2.1.0",
      "resolved": "https://registry.npmjs.org/wavefunctioncollapse/-/wavefunctioncollapse-2.1.0.tgz",
      "integrity": "sha512-GclizlVcMKyS2POsjrKb8sHy//NXJj3EI7957Wa+f97DtiNOsj773CzftCo59Hylvb/RBefrqtv4k0pOFfS71g=="
    }
  }
}
