{
  "name": "001_getting-started",
  "lockfileVersion": 2,
  "requires": true,
  "packages": {
    "": {
      "dependencies": {
        "lodash.debounce": "^4.0.8",
        "three": "^0.131.1"
      }
    },
    "node_modules/lodash.debounce": {
      "version": "4.0.8",
      "resolved": "https://registry.npmjs.org/lodash.debounce/-/lodash.debounce-4.0.8.tgz",
      "integrity": "sha1-gteb/zCmfEAF/9XiUVMArZyk168="
    },
    "node_modules/three": {
      "version": "0.131.1",
      "resolved": "https://registry.npmjs.org/three/-/three-0.131.1.tgz",
      "integrity": "sha512-1vojiLBfH7e2GZDEzFBfmzU0b/5uraxdg630PcVCRdzgGOttGe6HmG+n71lLCZZnPOxU9f7UVPiSkKPMsyiB/A=="
    }
  },
  "dependencies": {
    "lodash.debounce": {
      "version": "4.0.8",
      "resolved": "https://registry.npmjs.org/lodash.debounce/-/lodash.debounce-4.0.8.tgz",
      "integrity": "sha1-gteb/zCmfEAF/9XiUVMArZyk168="
    },
    "three": {
      "version": "0.131.1",
      "resolved": "https://registry.npmjs.org/three/-/three-0.131.1.tgz",
      "integrity": "sha512-1vojiLBfH7e2GZDEzFBfmzU0b/5uraxdg630PcVCRdzgGOttGe6HmG+n71lLCZZnPOxU9f7UVPiSkKPMsyiB/A=="
    }
  }
}
